
Microsoft Visual Studio Solution File, Format Version 12.00
Project("{FAE04EC0-301F-11D3-BF4B-00C04F79EFBC}") = "ManticorePusher", "ManticorePusher.csproj", "{DCB02A1F-48BD-41F4-A25B-CACB3A32D324}"
EndProject
Global
	GlobalSection(SolutionConfigurationPlatforms) = preSolution
		Debug|Any CPU = Debug|Any CPU
		Release|Any CPU = Release|Any CPU
	EndGlobalSection
	GlobalSection(ProjectConfigurationPlatforms) = postSolution
		{DCB02A1F-48BD-41F4-A25B-CACB3A32D324}.Debug|Any CPU.ActiveCfg = Debug|Any CPU
		{DCB02A1F-48BD-41F4-A25B-CACB3A32D324}.Debug|Any CPU.Build.0 = Debug|Any CPU
		{DCB02A1F-48BD-41F4-A25B-CACB3A32D324}.Release|Any CPU.ActiveCfg = Release|Any CPU
		{DCB02A1F-48BD-41F4-A25B-CACB3A32D324}.Release|Any CPU.Build.0 = Release|Any CPU
	EndGlobalSection
EndGlobal
